
Microsoft Visual Studio Solution File, Format Version 12.00
# Visual Studio Version 17
VisualStudioVersion = 17.7.34202.233
MinimumVisualStudioVersion = 10.0.40219.1
Project("{FAE04EC0-301F-11D3-BF4B-00C04F79EFBC}") = "Bichotica2023", "Bichotica2023\Bichotica2023.csproj", "{B9E9C185-4849-431B-BBE4-2ACDBC4849A3}"
EndProject
Global
	GlobalSection(SolutionConfigurationPlatforms) = preSolution
		Debug|Any CPU = Debug|Any CPU
		Release|Any CPU = Release|Any CPU
	EndGlobalSection
	GlobalSection(ProjectConfigurationPlatforms) = postSolution
		{B9E9C185-4849-431B-BBE4-2ACDBC4849A3}.Debug|Any CPU.ActiveCfg = Debug|Any CPU
		{B9E9C185-4849-431B-BBE4-2ACDBC4849A3}.Debug|Any CPU.Build.0 = Debug|Any CPU
		{B9E9C185-4849-431B-BBE4-2ACDBC4849A3}.Release|Any CPU.ActiveCfg = Release|Any CPU
		{B9E9C185-4849-431B-BBE4-2ACDBC4849A3}.Release|Any CPU.Build.0 = Release|Any CPU
	EndGlobalSection
	GlobalSection(SolutionProperties) = preSolution
		HideSolutionNode = FALSE
	EndGlobalSection
	GlobalSection(ExtensibilityGlobals) = postSolution
		SolutionGuid = {F75B9399-AB29-4743-A74B-EC2069582418}
	EndGlobalSection
EndGlobal
